
Microsoft Visual Studio Solution File, Format Version 12.00
# Visual Studio Version 17
VisualStudioVersion = 17.14.36623.8 d17.14
MinimumVisualStudioVersion = 10.0.40219.1
Project("{FAE04EC0-301F-11D3-BF4B-00C04F79EFBC}") = "Backend", "Backend\Backend.csproj", "{521DDA93-9A87-4A75-9897-C1C9241CEDBB}"
EndProject
Global
	GlobalSection(SolutionConfigurationPlatforms) = preSolution
		Debug|Any CPU = Debug|Any CPU
		Release|Any CPU = Release|Any CPU
	EndGlobalSection
	GlobalSection(ProjectConfigurationPlatforms) = postSolution
		{521DDA93-9A87-4A75-9897-C1C9241CEDBB}.Debug|Any CPU.ActiveCfg = Debug|Any CPU
		{521DDA93-9A87-4A75-9897-C1C9241CEDBB}.Debug|Any CPU.Build.0 = Debug|Any CPU
		{521DDA93-9A87-4A75-9897-C1C9241CEDBB}.Release|Any CPU.ActiveCfg = Release|Any CPU
		{521DDA93-9A87-4A75-9897-C1C9241CEDBB}.Release|Any CPU.Build.0 = Release|Any CPU
	EndGlobalSection
	GlobalSection(SolutionProperties) = preSolution
		HideSolutionNode = FALSE
	EndGlobalSection
	GlobalSection(ExtensibilityGlobals) = postSolution
		SolutionGuid = {F3A856CB-3BA1-4480-B85B-9697E44A4784}
	EndGlobalSection
EndGlobal
